{
  "meteor": {},
  "dependencies": {
    "basePackages": {
      "modal-login": {}
    },
    "packages": {
      "modal-login": {
        "git": "https://github.com/sacketty/modal-login.git",
        "tag": "v0.1.0",
        "commit": "ed4a9c7bb5f25719893af986f931410bd46d675c"
      }
    }
  }
}
